
Microsoft Visual Studio Solution File, Format Version 12.00
# Visual Studio 14
VisualStudioVersion = 14.0.25420.1
MinimumVisualStudioVersion = 10.0.40219.1
Project("{FAE04EC0-301F-11D3-BF4B-00C04F79EFBC}") = "SoundEx", "SoundEx\SoundEx.csproj", "{99C9E82C-C594-446D-AA59-8FFBC43AD226}"
EndProject
Project("{FAE04EC0-301F-11D3-BF4B-00C04F79EFBC}") = "SoundEx.Module.Log", "SoundEx.Module.Log\SoundEx.Module.Log.csproj", "{AB8B448C-DD74-4D60-A041-3E5D03A32180}"
EndProject
Project("{FAE04EC0-301F-11D3-BF4B-00C04F79EFBC}") = "SoundEx.Infrastructure", "SoundEx.Infrastructure\SoundEx.Infrastructure.csproj", "{047734E8-ED81-4304-91F8-10F143DE8684}"
EndProject
Project("{FAE04EC0-301F-11D3-BF4B-00C04F79EFBC}") = "SoundEx.Module.PlayButtonList", "SoundEx.Module.PlayButtonList\SoundEx.Module.PlayButtonList.csproj", "{82616DDB-CC82-427F-A085-AC212C3E8464}"
EndProject
Project("{FAE04EC0-301F-11D3-BF4B-00C04F79EFBC}") = "SoundEx.Module.Control", "SoundEx.Module.Control\SoundEx.Module.Control.csproj", "{DEDC1EF9-1E6F-4F61-A326-43A95E2D2F67}"
EndProject
Project("{2150E333-8FDC-42A3-9474-1A3956D46DE8}") = "Solution Items", "Solution Items", "{2836A5F2-149F-43E1-9FE4-09B6635CB0D7}"
	ProjectSection(SolutionItems) = preProject
		TODO.md = TODO.md
	EndProjectSection
EndProject
Global
	GlobalSection(SolutionConfigurationPlatforms) = preSolution
		Debug|Any CPU = Debug|Any CPU
		Release|Any CPU = Release|Any CPU
	EndGlobalSection
	GlobalSection(ProjectConfigurationPlatforms) = postSolution
		{99C9E82C-C594-446D-AA59-8FFBC43AD226}.Debug|Any CPU.ActiveCfg = Debug|Any CPU
		{99C9E82C-C594-446D-AA59-8FFBC43AD226}.Debug|Any CPU.Build.0 = Debug|Any CPU
		{99C9E82C-C594-446D-AA59-8FFBC43AD226}.Release|Any CPU.ActiveCfg = Release|Any CPU
		{99C9E82C-C594-446D-AA59-8FFBC43AD226}.Release|Any CPU.Build.0 = Release|Any CPU
		{AB8B448C-DD74-4D60-A041-3E5D03A32180}.Debug|Any CPU.ActiveCfg = Debug|Any CPU
		{AB8B448C-DD74-4D60-A041-3E5D03A32180}.Debug|Any CPU.Build.0 = Debug|Any CPU
		{AB8B448C-DD74-4D60-A041-3E5D03A32180}.Release|Any CPU.ActiveCfg = Release|Any CPU
		{AB8B448C-DD74-4D60-A041-3E5D03A32180}.Release|Any CPU.Build.0 = Release|Any CPU
		{047734E8-ED81-4304-91F8-10F143DE8684}.Debug|Any CPU.ActiveCfg = Debug|Any CPU
		{047734E8-ED81-4304-91F8-10F143DE8684}.Debug|Any CPU.Build.0 = Debug|Any CPU
		{047734E8-ED81-4304-91F8-10F143DE8684}.Release|Any CPU.ActiveCfg = Release|Any CPU
		{047734E8-ED81-4304-91F8-10F143DE8684}.Release|Any CPU.Build.0 = Release|Any CPU
		{82616DDB-CC82-427F-A085-AC212C3E8464}.Debug|Any CPU.ActiveCfg = Debug|Any CPU
		{82616DDB-CC82-427F-A085-AC212C3E8464}.Debug|Any CPU.Build.0 = Debug|Any CPU
		{82616DDB-CC82-427F-A085-AC212C3E8464}.Release|Any CPU.ActiveCfg = Release|Any CPU
		{82616DDB-CC82-427F-A085-AC212C3E8464}.Release|Any CPU.Build.0 = Release|Any CPU
		{DEDC1EF9-1E6F-4F61-A326-43A95E2D2F67}.Debug|Any CPU.ActiveCfg = Debug|Any CPU
		{DEDC1EF9-1E6F-4F61-A326-43A95E2D2F67}.Debug|Any CPU.Build.0 = Debug|Any CPU
		{DEDC1EF9-1E6F-4F61-A326-43A95E2D2F67}.Release|Any CPU.ActiveCfg = Release|Any CPU
		{DEDC1EF9-1E6F-4F61-A326-43A95E2D2F67}.Release|Any CPU.Build.0 = Release|Any CPU
	EndGlobalSection
	GlobalSection(SolutionProperties) = preSolution
		HideSolutionNode = FALSE
	EndGlobalSection
EndGlobal
